PODS:
  - Alamofire (4.7.0)
  - ESTabBarController-swift (2.6.1)
  - FMDB (2.6.2):
    - FMDB/standard (= 2.6.2)
  - FMDB/standard (2.6.2)
  - Hero (1.1.0)
  - Kingfisher (4.6.4)
  - MJRefresh (3.1.15.3)
  - ObjectMapper (3.1.0)
  - SnapKit (4.0.0)
  - UMCAnalytics (5.4.1):
    - UMCCommon
  - UMCCommon (1.4.3)

DEPENDENCIES:
  - Alamofire
  - ESTabBarController-swift
  - FMDB (~> 2.6.2)
  - Hero
  - Kingfisher
  - MJRefresh
  - ObjectMapper
  - SnapKit
  - UMCAnalytics
  - UMCCommon

SPEC CHECKSUMS:
  Alamofire: 907e0a98eb68cdb7f9d1f541a563d6ac5dc77b25
  ESTabBarController-swift: 1e629e60bc6a87c1ea92a5309489b9f8dde15fa2
  FMDB: 854a0341b4726e53276f2a8996f06f1b80f9259a
  Hero: ce59e81c79390613d97b43da7179e2c5e1017e04
  Kingfisher: 68498a706e46c2a050b0c9572f100e5db407f6e0
  MJRefresh: b48380ae2b927b46c4ef000de9adb8dc748e1df7
  ObjectMapper: 20505058f54e5c3ca69e1d6de9897d152a5369a6
  SnapKit: a42d492c16e80209130a3379f73596c3454b7694
  UMCAnalytics: 44e0bb2f442b7aaf97d1c924b58798b612f2c13d
  UMCCommon: ac0bc01a46a5640bbd58646448f455b4c5404bf0

PODFILE CHECKSUM: 399b7b9b07e343bf39858c1a6a19c7051249abbc

COCOAPODS: 1.3.1
